{
  "name": "minttoast",
  "requires": true,
  "lockfileVersion": 1,
  "dependencies": {
    "@graphprotocol/graph-ts": {
      "version": "0.28.1",
      "resolved": "https://registry.npmjs.org/@graphprotocol/graph-ts/-/graph-ts-0.28.1.tgz",
      "integrity": "sha512-1wMLQ0cu84/6Ml3zcz9ya1zFzrDAzCj0dIGZ7Rz9upnRSXg5jjqU4DefO/OYrl2K2/OPso9hSAr6I4aue2pL1Q==",
      "requires": {
        "assemblyscript": "0.19.10"
      }
    },
    "assemblyscript": {
      "version": "0.19.10",
      "resolved": "https://registry.npmjs.org/assemblyscript/-/assemblyscript-0.19.10.tgz",
      "integrity": "sha512-HavcUBXB3mBTRGJcpvaQjmnmaqKHBGREjSPNsIvnAk2f9dj78y4BkMaSSdvBQYWcDDzsHQjyUC8stICFkD1Odg==",
      "requires": {
        "binaryen": "101.0.0-nightly.20210723",
        "long": "^4.0.0"
      }
    },
    "binaryen": {
      "version": "101.0.0-nightly.20210723",
      "resolved": "https://registry.npmjs.org/binaryen/-/binaryen-101.0.0-nightly.20210723.tgz",
      "integrity": "sha512-eioJNqhHlkguVSbblHOtLqlhtC882SOEPKmNFZaDuz1hzQjolxZ+eu3/kaS10n3sGPONsIZsO7R9fR00UyhEUA=="
    },
    "long": {
      "version": "4.0.0",
      "resolved": "https://registry.npmjs.org/long/-/long-4.0.0.tgz",
      "integrity": "sha512-XsP+KhQif4bjX1kbuSiySJFNAehNxgLb6hPRGJ9QsUr8ajHkuXGdrHmFUTUUXhDwVX2R5bY4JNZEwbUiMhV+MA=="
    }
  }
}
